<?xml version="1.0" encoding="utf-8"?>
<Project ToolsVersion="4.0" xmlns="http://schemas.microsoft.com/developer/msbuild/2003">
  <ItemGroup>
    <Natvis Include="..\TypeHelper.natvis" />
  </ItemGroup>
  <ItemGroup>
    <ClCompile Include="entry_point.cpp" />
    <ClCompile Include="stdafx.cpp" />
  </ItemGroup>
  <ItemGroup>
    <ClInclude Include="resource1.h" />
    <ClInclude Include="stdafx.h" />
    <ClInclude Include="StickyKeyFilter.hpp" />
  </ItemGroup>
  <ItemGroup>
    <ResourceCompile Include="xr_3da_sdk.rc" />
  </ItemGroup>
  <ItemGroup>
    <Image Include="splash.ico" />
    <Image Include="logo.bmp" />
  </ItemGroup>
  <ItemGroup>
    <None Include="packages.config" />
  </ItemGroup>
  <ItemGroup>
    <Filter Include="NewFilter1">
      <UniqueIdentifier>{2f03389f-bbe3-4102-97cd-701e46c72c6d}</UniqueIdentifier>
    </Filter>
  </ItemGroup>
</Project>